// !$*UTF8*$!
{
	archiveVersion = 1;
	classes = {
	};
	objectVersion = 48;
	objects = {

/* Begin PBXBuildFile section */
		DC0BC6971F9DC17100BD8C07 /* AppDelegate.swift in Sources */ = {isa = PBXBuildFile; fileRef = DC0BC6961F9DC17100BD8C07 /* AppDelegate.swift */; };
		DC0BC6991F9DC17100BD8C07 /* ViewController.swift in Sources */ = {isa = PBXBuildFile; fileRef = DC0BC6981F9DC17100BD8C07 /* ViewController.swift */; };
		DC0BC69C1F9DC17100BD8C07 /* Main.storyboard in Resources */ = {isa = PBXBuildFile; fileRef = DC0BC69A1F9DC17100BD8C07 /* Main.storyboard */; };
		DC0BC69E1F9DC17100BD8C07 /* Assets.xcassets in Resources */ = {isa = PBXBuildFile; fileRef = DC0BC69D1F9DC17100BD8C07 /* Assets.xcassets */; };
		DC0BC6A11F9DC17100BD8C07 /* LaunchScreen.storyboard in Resources */ = {isa = PBXBuildFile; fileRef = DC0BC69F1F9DC17100BD8C07 /* LaunchScreen.storyboard */; };
		DC0BC6AC1F9DC17100BD8C07 /* PostTestRotateImageTests.swift in Sources */ = {isa = PBXBuildFile; fileRef = DC0BC6AB1F9DC17100BD8C07 /* PostTestRotateImageTests.swift */; };
		DC0BC6B71F9DC17100BD8C07 /* PostTestRotateImageUITests.swift in Sources */ = {isa = PBXBuildFile; fileRef = DC0BC6B61F9DC17100BD8C07 /* PostTestRotateImageUITests.swift */; };
/* End PBXBuildFile section */

/* Begin PBXContainerItemProxy section */
		DC0BC6A81F9DC17100BD8C07 /* PBXContainerItemProxy */ = {
			isa = PBXContainerItemProxy;
			containerPortal = DC0BC68B1F9DC17000BD8C07 /* Project object */;
			proxyType = 1;
			remoteGlobalIDString = DC0BC6921F9DC17100BD8C07;
			remoteInfo = PostTestRotateImage;
		};
		DC0BC6B31F9DC17100BD8C07 /* PBXContainerItemProxy */ = {
			isa = PBXContainerItemProxy;
			containerPortal = DC0BC68B1F9DC17000BD8C07 /* Project object */;
			proxyType = 1;
			remoteGlobalIDString = DC0BC6921F9DC17100BD8C07;
			remoteInfo = PostTestRotateImage;
		};
/* End PBXContainerItemProxy section */

/* Begin PBXFileReference section */
		DC0BC6931F9DC17100BD8C07 /* PostTestRotateImage.app */ = {isa = PBXFileReference; explicitFileType = wrapper.application; includeInIndex = 0; path = PostTestRotateImage.app; sourceTree = BUILT_PRODUCTS_DIR; };
		DC0BC6961F9DC17100BD8C07 /* AppDelegate.swift */ = {isa = PBXFileReference; lastKnownFileType = sourcecode.swift; path = AppDelegate.swift; sourceTree = "<group>"; };
		DC0BC6981F9DC17100BD8C07 /* ViewController.swift */ = {isa = PBXFileReference; lastKnownFileType = sourcecode.swift; path = ViewController.swift; sourceTree = "<group>"; };
		DC0BC69B1F9DC17100BD8C07 /* Base */ = {isa = PBXFileReference; lastKnownFileType = file.storyboard; name = Base; path = Base.lproj/Main.storyboard; sourceTree = "<group>"; };
		DC0BC69D1F9DC17100BD8C07 /* Assets.xcassets */ = {isa = PBXFileReference; lastKnownFileType = folder.assetcatalog; path = Assets.xcassets; sourceTree = "<group>"; };
		DC0BC6A01F9DC17100BD8C07 /* Base */ = {isa = PBXFileReference; lastKnownFileType = file.storyboard; name = Base; path = Base.lproj/LaunchScreen.storyboard; sourceTree = "<group>"; };
		DC0BC6A21F9DC17100BD8C07 /* Info.plist */ = {isa = PBXFileReference; lastKnownFileType = text.plist.xml; path = Info.plist; sourceTree = "<group>"; };
		DC0BC6A71F9DC17100BD8C07 /* PostTestRotateImageTests.xctest */ = {isa = PBXFileReference; explicitFileType = wrapper.cfbundle; includeInIndex = 0; path = PostTestRotateImageTests.xctest; sourceTree = BUILT_PRODUCTS_DIR; };
		DC0BC6AB1F9DC17100BD8C07 /* PostTestRotateImageTests.swift */ = {isa = PBXFileReference; lastKnownFileType = sourcecode.swift; path = PostTestRotateImageTests.swift; sourceTree = "<group>"; };
		DC0BC6AD1F9DC17100BD8C07 /* Info.plist */ = {isa = PBXFileReference; lastKnownFileType = text.plist.xml; path = Info.plist; sourceTree = "<group>"; };
		DC0BC6B21F9DC17100BD8C07 /* PostTestRotateImageUITests.xctest */ = {isa = PBXFileReference; explicitFileType = wrapper.cfbundle; includeInIndex = 0; path = PostTestRotateImageUITests.xctest; sourceTree = BUILT_PRODUCTS_DIR; };
		DC0BC6B61F9DC17100BD8C07 /* PostTestRotateImageUITests.swift */ = {isa = PBXFileReference; lastKnownFileType = sourcecode.swift; path = PostTestRotateImageUITests.swift; sourceTree = "<group>"; };
		DC0BC6B81F9DC17100BD8C07 /* Info.plist */ = {isa = PBXFileReference; lastKnownFileType = text.plist.xml; path = Info.plist; sourceTree = "<group>"; };
		DC0BC6C41F9DC42900BD8C07 /* c04fea67140073615812cc86876cd0d3--vintage-phone-wallpaper-iphone-background-vintage.jpg */ = {isa = PBXFileReference; lastKnownFileType = image.jpeg; path = "c04fea67140073615812cc86876cd0d3--vintage-phone-wallpaper-iphone-background-vintage.jpg"; sourceTree = "<group>"; };
		DC0BC6C51F9DC56A00BD8C07 /* flip-camera.png */ = {isa = PBXFileReference; lastKnownFileType = image.png; path = "flip-camera.png"; sourceTree = "<group>"; };
		DC0BC6C61F9DC69900BD8C07 /* bali-dreamland3.jpg */ = {isa = PBXFileReference; lastKnownFileType = image.jpeg; path = "bali-dreamland3.jpg"; sourceTree = "<group>"; };
/* End PBXFileReference section */

/* Begin PBXFrameworksBuildPhase section */
		DC0BC6901F9DC17100BD8C07 /* Frameworks */ = {
			isa = PBXFrameworksBuildPhase;
			buildActionMask = 2147483647;
			files = (
			);
			runOnlyForDeploymentPostprocessing = 0;
		};
		DC0BC6A41F9DC17100BD8C07 /* Frameworks */ = {
			isa = PBXFrameworksBuildPhase;
			buildActionMask = 2147483647;
			files = (
			);
			runOnlyForDeploymentPostprocessing = 0;
		};
		DC0BC6AF1F9DC17100BD8C07 /* Frameworks */ = {
			isa = PBXFrameworksBuildPhase;
			buildActionMask = 2147483647;
			files = (
			);
			runOnlyForDeploymentPostprocessing = 0;
		};
/* End PBXFrameworksBuildPhase section */

/* Begin PBXGroup section */
		DC0BC68A1F9DC17000BD8C07 = {
			isa = PBXGroup;
			children = (
				DC0BC6951F9DC17100BD8C07 /* PostTestRotateImage */,
				DC0BC6AA1F9DC17100BD8C07 /* PostTestRotateImageTests */,
				DC0BC6B51F9DC17100BD8C07 /* PostTestRotateImageUITests */,
				DC0BC6941F9DC17100BD8C07 /* Products */,
			);
			sourceTree = "<group>";
		};
		DC0BC6941F9DC17100BD8C07 /* Products */ = {
			isa = PBXGroup;
			children = (
				DC0BC6931F9DC17100BD8C07 /* PostTestRotateImage.app */,
				DC0BC6A71F9DC17100BD8C07 /* PostTestRotateImageTests.xctest */,
				DC0BC6B21F9DC17100BD8C07 /* PostTestRotateImageUITests.xctest */,
			);
			name = Products;
			sourceTree = "<group>";
		};
		DC0BC6951F9DC17100BD8C07 /* PostTestRotateImage */ = {
			isa = PBXGroup;
			children = (
				DC0BC6C61F9DC69900BD8C07 /* bali-dreamland3.jpg */,
				DC0BC6C51F9DC56A00BD8C07 /* flip-camera.png */,
				DC0BC6C41F9DC42900BD8C07 /* c04fea67140073615812cc86876cd0d3--vintage-phone-wallpaper-iphone-background-vintage.jpg */,
				DC0BC6961F9DC17100BD8C07 /* AppDelegate.swift */,
				DC0BC6981F9DC17100BD8C07 /* ViewController.swift */,
				DC0BC69A1F9DC17100BD8C07 /* Main.storyboard */,
				DC0BC69D1F9DC17100BD8C07 /* Assets.xcassets */,
				DC0BC69F1F9DC17100BD8C07 /* LaunchScreen.storyboard */,
				DC0BC6A21F9DC17100BD8C07 /* Info.plist */,
			);
			path = PostTestRotateImage;
			sourceTree = "<group>";
		};
		DC0BC6AA1F9DC17100BD8C07 /* PostTestRotateImageTests */ = {
			isa = PBXGroup;
			children = (
				DC0BC6AB1F9DC17100BD8C07 /* PostTestRotateImageTests.swift */,
				DC0BC6AD1F9DC17100BD8C07 /* Info.plist */,
			);
			path = PostTestRotateImageTests;
			sourceTree = "<group>";
		};
		DC0BC6B51F9DC17100BD8C07 /* PostTestRotateImageUITests */ = {
			isa = PBXGroup;
			children = (
				DC0BC6B61F9DC17100BD8C07 /* PostTestRotateImageUITests.swift */,
				DC0BC6B81F9DC17100BD8C07 /* Info.plist */,
			);
			path = PostTestRotateImageUITests;
			sourceTree = "<group>";
		};
/* End PBXGroup section */

/* Begin PBXNativeTarget section */
		DC0BC6921F9DC17100BD8C07 /* PostTestRotateImage */ = {
			isa = PBXNativeTarget;
			buildConfigurationList = DC0BC6BB1F9DC17100BD8C07 /* Build configuration list for PBXNativeTarget "PostTestRotateImage" */;
			buildPhases = (
				DC0BC68F1F9DC17100BD8C07 /* Sources */,
				DC0BC6901F9DC17100BD8C07 /* Frameworks */,
				DC0BC6911F9DC17100BD8C07 /* Resources */,
			);
			buildRules = (
			);
			dependencies = (
			);
			name = PostTestRotateImage;
			productName = PostTestRotateImage;
			productReference = DC0BC6931F9DC17100BD8C07 /* PostTestRotateImage.app */;
			productType = "com.apple.product-type.application";
		};
		DC0BC6A61F9DC17100BD8C07 /* PostTestRotateImageTests */ = {
			isa = PBXNativeTarget;
			buildConfigurationList = DC0BC6BE1F9DC17100BD8C07 /* Build configuration list for PBXNativeTarget "PostTestRotateImageTests" */;
			buildPhases = (
				DC0BC6A31F9DC17100BD8C07 /* Sources */,
				DC0BC6A41F9DC17100BD8C07 /* Frameworks */,
				DC0BC6A51F9DC17100BD8C07 /* Resources */,
			);
			buildRules = (
			);
			dependencies = (
				DC0BC6A91F9DC17100BD8C07 /* PBXTargetDependency */,
			);
			name = PostTestRotateImageTests;
			productName = PostTestRotateImageTests;
			productReference = DC0BC6A71F9DC17100BD8C07 /* PostTestRotateImageTests.xctest */;
			productType = "com.apple.product-type.bundle.unit-test";
		};
		DC0BC6B11F9DC17100BD8C07 /* PostTestRotateImageUITests */ = {
			isa = PBXNativeTarget;
			buildConfigurationList = DC0BC6C11F9DC17100BD8C07 /* Build configuration list for PBXNativeTarget "PostTestRotateImageUITests" */;
			buildPhases = (
				DC0BC6AE1F9DC17100BD8C07 /* Sources */,
				DC0BC6AF1F9DC17100BD8C07 /* Frameworks */,
				DC0BC6B01F9DC17100BD8C07 /* Resources */,
			);
			buildRules = (
			);
			dependencies = (
				DC0BC6B41F9DC17100BD8C07 /* PBXTargetDependency */,
			);
			name = PostTestRotateImageUITests;
			productName = PostTestRotateImageUITests;
			productReference = DC0BC6B21F9DC17100BD8C07 /* PostTestRotateImageUITests.xctest */;
			productType = "com.apple.product-type.bundle.ui-testing";
		};
/* End PBXNativeTarget section */

/* Begin PBXProject section */
		DC0BC68B1F9DC17000BD8C07 /* Project object */ = {
			isa = PBXProject;
			attributes = {
				LastSwiftUpdateCheck = 0900;
				LastUpgradeCheck = 0900;
				ORGANIZATIONNAME = Arjuna;
				TargetAttributes = {
					DC0BC6921F9DC17100BD8C07 = {
						CreatedOnToolsVersion = 9.0;
						ProvisioningStyle = Automatic;
					};
					DC0BC6A61F9DC17100BD8C07 = {
						CreatedOnToolsVersion = 9.0;
						ProvisioningStyle = Automatic;
						TestTargetID = DC0BC6921F9DC17100BD8C07;
					};
					DC0BC6B11F9DC17100BD8C07 = {
						CreatedOnToolsVersion = 9.0;
						ProvisioningStyle = Automatic;
						TestTargetID = DC0BC6921F9DC17100BD8C07;
					};
				};
			};
			buildConfigurationList = DC0BC68E1F9DC17000BD8C07 /* Build configuration list for PBXProject "PostTestRotateImage" */;
			compatibilityVersion = "Xcode 8.0";
			developmentRegion = en;
			hasScannedForEncodings = 0;
			knownRegions = (
				en,
				Base,
			);
			mainGroup = DC0BC68A1F9DC17000BD8C07;
			productRefGroup = DC0BC6941F9DC17100BD8C07 /* Products */;
			projectDirPath = "";
			projectRoot = "";
			targets = (
				DC0BC6921F9DC17100BD8C07 /* PostTestRotateImage */,
				DC0BC6A61F9DC17100BD8C07 /* PostTestRotateImageTests */,
				DC0BC6B11F9DC17100BD8C07 /* PostTestRotateImageUITests */,
			);
		};
/* End PBXProject section */

/* Begin PBXResourcesBuildPhase section */
		DC0BC6911F9DC17100BD8C07 /* Resources */ = {
			isa = PBXResourcesBuildPhase;
			buildActionMask = 2147483647;
			files = (
				DC0BC6A11F9DC17100BD8C07 /* LaunchScreen.storyboard in Resources */,
				DC0BC69E1F9DC17100BD8C07 /* Assets.xcassets in Resources */,
				DC0BC69C1F9DC17100BD8C07 /* Main.storyboard in Resources */,
			);
			runOnlyForDeploymentPostprocessing = 0;
		};
		DC0BC6A51F9DC17100BD8C07 /* Resources */ = {
			isa = PBXResourcesBuildPhase;
			buildActionMask = 2147483647;
			files = (
			);
			runOnlyForDeploymentPostprocessing = 0;
		};
		DC0BC6B01F9DC17100BD8C07 /* Resources */ = {
			isa = PBXResourcesBuildPhase;
			buildActionMask = 2147483647;
			files = (
			);
			runOnlyForDeploymentPostprocessing = 0;
		};
/* End PBXResourcesBuildPhase section */

/* Begin PBXSourcesBuildPhase section */
		DC0BC68F1F9DC17100BD8C07 /* Sources */ = {
			isa = PBXSourcesBuildPhase;
			buildActionMask = 2147483647;
			files = (
				DC0BC6991F9DC17100BD8C07 /* ViewController.swift in Sources */,
				DC0BC6971F9DC17100BD8C07 /* AppDelegate.swift in Sources */,
			);
			runOnlyForDeploymentPostprocessing = 0;
		};
		DC0BC6A31F9DC17100BD8C07 /* Sources */ = {
			isa = PBXSourcesBuildPhase;
			buildActionMask = 2147483647;
			files = (
				DC0BC6AC1F9DC17100BD8C07 /* PostTestRotateImageTests.swift in Sources */,
			);
			runOnlyForDeploymentPostprocessing = 0;
		};
		DC0BC6AE1F9DC17100BD8C07 /* Sources */ = {
			isa = PBXSourcesBuildPhase;
			buildActionMask = 2147483647;
			files = (
				DC0BC6B71F9DC17100BD8C07 /* PostTestRotateImageUITests.swift in Sources */,
			);
			runOnlyForDeploymentPostprocessing = 0;
		};
/* End PBXSourcesBuildPhase section */

/* Begin PBXTargetDependency section */
		DC0BC6A91F9DC17100BD8C07 /* PBXTargetDependency */ = {
			isa = PBXTargetDependency;
			target = DC0BC6921F9DC17100BD8C07 /* PostTestRotateImage */;
			targetProxy = DC0BC6A81F9DC17100BD8C07 /* PBXContainerItemProxy */;
		};
		DC0BC6B41F9DC17100BD8C07 /* PBXTargetDependency */ = {
			isa = PBXTargetDependency;
			target = DC0BC6921F9DC17100BD8C07 /* PostTestRotateImage */;
			targetProxy = DC0BC6B31F9DC17100BD8C07 /* PBXContainerItemProxy */;
		};
/* End PBXTargetDependency section */

/* Begin PBXVariantGroup section */
		DC0BC69A1F9DC17100BD8C07 /* Main.storyboard */ = {
			isa = PBXVariantGroup;
			children = (
				DC0BC69B1F9DC17100BD8C07 /* Base */,
			);
			name = Main.storyboard;
			sourceTree = "<group>";
		};
		DC0BC69F1F9DC17100BD8C07 /* LaunchScreen.storyboard */ = {
			isa = PBXVariantGroup;
			children = (
				DC0BC6A01F9DC17100BD8C07 /* Base */,
			);
			name = LaunchScreen.storyboard;
			sourceTree = "<group>";
		};
/* End PBXVariantGroup section */

/* Begin XCBuildConfiguration section */
		DC0BC6B91F9DC17100BD8C07 /* Debug */ = {
			isa = XCBuildConfiguration;
			buildSettings = {
				ALWAYS_SEARCH_USER_PATHS = NO;
				CLANG_ANALYZER_NONNULL = YES;
				CLANG_ANALYZER_NUMBER_OBJECT_CONVERSION = YES_AGGRESSIVE;
				CLANG_CXX_LANGUAGE_STANDARD = "gnu++14";
				CLANG_CXX_LIBRARY = "libc++";
				CLANG_ENABLE_MODULES = YES;
				CLANG_ENABLE_OBJC_ARC = YES;
				CLANG_WARN_BLOCK_CAPTURE_AUTORELEASING = YES;
				CLANG_WARN_BOOL_CONVERSION = YES;
				CLANG_WARN_COMMA = YES;
				CLANG_WARN_CONSTANT_CONVERSION = YES;
				CLANG_WARN_DIRECT_OBJC_ISA_USAGE = YES_ERROR;
				CLANG_WARN_DOCUMENTATION_COMMENTS = YES;
				CLANG_WARN_EMPTY_BODY = YES;
				CLANG_WARN_ENUM_CONVERSION = YES;
				CLANG_WARN_INFINITE_RECURSION = YES;
				CLANG_WARN_INT_CONVERSION = YES;
				CLANG_WARN_NON_LITERAL_NULL_CONVERSION = YES;
				CLANG_WARN_OBJC_LITERAL_CONVERSION = YES;
				CLANG_WARN_OBJC_ROOT_CLASS = YES_ERROR;
				CLANG_WARN_RANGE_LOOP_ANALYSIS = YES;
				CLANG_WARN_STRICT_PROTOTYPES = YES;
				CLANG_WARN_SUSPICIOUS_MOVE = YES;
				CLANG_WARN_UNGUARDED_AVAILABILITY = YES_AGGRESSIVE;
				CLANG_WARN_UNREACHABLE_CODE = YES;
				CLANG_WARN__DUPLICATE_METHOD_MATCH = YES;
				CODE_SIGN_IDENTITY = "iPhone Developer";
				COPY_PHASE_STRIP = NO;
				DEBUG_INFORMATION_FORMAT = dwarf;
				ENABLE_STRICT_OBJC_MSGSEND = YES;
				ENABLE_TESTABILITY = YES;
				GCC_C_LANGUAGE_STANDARD = gnu11;
				GCC_DYNAMIC_NO_PIC = NO;
				GCC_NO_COMMON_BLOCKS = YES;
				GCC_OPTIMIZATION_LEVEL = 0;
				GCC_PREPROCESSOR_DEFINITIONS = (
					"DEBUG=1",
					"$(inherited)",
				);
				GCC_WARN_64_TO_32_BIT_CONVERSION = YES;
				GCC_WARN_ABOUT_RETURN_TYPE = YES_ERROR;
				GCC_WARN_UNDECLARED_SELECTOR = YES;
				GCC_WARN_UNINITIALIZED_AUTOS = YES_AGGRESSIVE;
				GCC_WARN_UNUSED_FUNCTION = YES;
				GCC_WARN_UNUSED_VARIABLE = YES;
				IPHONEOS_DEPLOYMENT_TARGET = 11.0;
				MTL_ENABLE_DEBUG_INFO = YES;
				ONLY_ACTIVE_ARCH = YES;
				SDKROOT = iphoneos;
				SWIFT_ACTIVE_COMPILATION_CONDITIONS = DEBUG;
				SWIFT_OPTIMIZATION_LEVEL = "-Onone";
			};
			name = Debug;
		};
		DC0BC6BA1F9DC17100BD8C07 /* Release */ = {
			isa = XCBuildConfiguration;
			buildSettings = {
				ALWAYS_SEARCH_USER_PATHS = NO;
				CLANG_ANALYZER_NONNULL = YES;
				CLANG_ANALYZER_NUMBER_OBJECT_CONVERSION = YES_AGGRESSIVE;
				CLANG_CXX_LANGUAGE_STANDARD = "gnu++14";
				CLANG_CXX_LIBRARY = "libc++";
				CLANG_ENABLE_MODULES = YES;
				CLANG_ENABLE_OBJC_ARC = YES;
				CLANG_WARN_BLOCK_CAPTURE_AUTORELEASING = YES;
				CLANG_WARN_BOOL_CONVERSION = YES;
				CLANG_WARN_COMMA = YES;
				CLANG_WARN_CONSTANT_CONVERSION = YES;
				CLANG_WARN_DIRECT_OBJC_ISA_USAGE = YES_ERROR;
				CLANG_WARN_DOCUMENTATION_COMMENTS = YES;
				CLANG_WARN_EMPTY_BODY = YES;
				CLANG_WARN_ENUM_CONVERSION = YES;
				CLANG_WARN_INFINITE_RECURSION = YES;
				CLANG_WARN_INT_CONVERSION = YES;
				CLANG_WARN_NON_LITERAL_NULL_CONVERSION = YES;
				CLANG_WARN_OBJC_LITERAL_CONVERSION = YES;
				CLANG_WARN_OBJC_ROOT_CLASS = YES_ERROR;
				CLANG_WARN_RANGE_LOOP_ANALYSIS = YES;
				CLANG_WARN_STRICT_PROTOTYPES = YES;
				CLANG_WARN_SUSPICIOUS_MOVE = YES;
				CLANG_WARN_UNGUARDED_AVAILABILITY = YES_AGGRESSIVE;
				CLANG_WARN_UNREACHABLE_CODE = YES;
				CLANG_WARN__DUPLICATE_METHOD_MATCH = YES;
				CODE_SIGN_IDENTITY = "iPhone Developer";
				COPY_PHASE_STRIP = NO;
				DEBUG_INFORMATION_FORMAT = "dwarf-with-dsym";
				ENABLE_NS_ASSERTIONS = NO;
				ENABLE_STRICT_OBJC_MSGSEND = YES;
				GCC_C_LANGUAGE_STANDARD = gnu11;
				GCC_NO_COMMON_BLOCKS = YES;
				GCC_WARN_64_TO_32_BIT_CONVERSION = YES;
				GCC_WARN_ABOUT_RETURN_TYPE = YES_ERROR;
				GCC_WARN_UNDECLARED_SELECTOR = YES;
				GCC_WARN_UNINITIALIZED_AUTOS = YES_AGGRESSIVE;
				GCC_WARN_UNUSED_FUNCTION = YES;
				GCC_WARN_UNUSED_VARIABLE = YES;
				IPHONEOS_DEPLOYMENT_TARGET = 11.0;
				MTL_ENABLE_DEBUG_INFO = NO;
				SDKROOT = iphoneos;
				SWIFT_OPTIMIZATION_LEVEL = "-Owholemodule";
				VALIDATE_PRODUCT = YES;
			};
			name = Release;
		};
		DC0BC6BC1F9DC17100BD8C07 /* Debug */ = {
			isa = XCBuildConfiguration;
			buildSettings = {
				ASSETCATALOG_COMPILER_APPICON_NAME = AppIcon;
				CODE_SIGN_STYLE = Automatic;
				INFOPLIST_FILE = PostTestRotateImage/Info.plist;
				LD_RUNPATH_SEARCH_PATHS = "$(inherited) @executable_path/Frameworks";
				PRODUCT_BUNDLE_IDENTIFIER = com.developermuslim.PostTestRotateImage;
				PRODUCT_NAME = "$(TARGET_NAME)";
				SWIFT_VERSION = 4.0;
				TARGETED_DEVICE_FAMILY = "1,2";
			};
			name = Debug;
		};
		DC0BC6BD1F9DC17100BD8C07 /* Release */ = {
			isa = XCBuildConfiguration;
			buildSettings = {
				ASSETCATALOG_COMPILER_APPICON_NAME = AppIcon;
				CODE_SIGN_STYLE = Automatic;
				INFOPLIST_FILE = PostTestRotateImage/Info.plist;
				LD_RUNPATH_SEARCH_PATHS = "$(inherited) @executable_path/Frameworks";
				PRODUCT_BUNDLE_IDENTIFIER = com.developermuslim.PostTestRotateImage;
				PRODUCT_NAME = "$(TARGET_NAME)";
				SWIFT_VERSION = 4.0;
				TARGETED_DEVICE_FAMILY = "1,2";
			};
			name = Release;
		};
		DC0BC6BF1F9DC17100BD8C07 /* Debug */ = {
			isa = XCBuildConfiguration;
			buildSettings = {
				ALWAYS_EMBED_SWIFT_STANDARD_LIBRARIES = YES;
				BUNDLE_LOADER = "$(TEST_HOST)";
				CODE_SIGN_STYLE = Automatic;
				INFOPLIST_FILE = PostTestRotateImageTests/Info.plist;
				LD_RUNPATH_SEARCH_PATHS = "$(inherited) @executable_path/Frameworks @loader_path/Frameworks";
				PRODUCT_BUNDLE_IDENTIFIER = com.developermuslim.PostTestRotateImageTests;
				PRODUCT_NAME = "$(TARGET_NAME)";
				SWIFT_VERSION = 4.0;
				TARGETED_DEVICE_FAMILY = "1,2";
				TEST_HOST = "$(BUILT_PRODUCTS_DIR)/PostTestRotateImage.app/PostTestRotateImage";
			};
			name = Debug;
		};
		DC0BC6C01F9DC17100BD8C07 /* Release */ = {
			isa = XCBuildConfiguration;
			buildSettings = {
				ALWAYS_EMBED_SWIFT_STANDARD_LIBRARIES = YES;
				BUNDLE_LOADER = "$(TEST_HOST)";
				CODE_SIGN_STYLE = Automatic;
				INFOPLIST_FILE = PostTestRotateImageTests/Info.plist;
				LD_RUNPATH_SEARCH_PATHS = "$(inherited) @executable_path/Frameworks @loader_path/Frameworks";
				PRODUCT_BUNDLE_IDENTIFIER = com.developermuslim.PostTestRotateImageTests;
				PRODUCT_NAME = "$(TARGET_NAME)";
				SWIFT_VERSION = 4.0;
				TARGETED_DEVICE_FAMILY = "1,2";
				TEST_HOST = "$(BUILT_PRODUCTS_DIR)/PostTestRotateImage.app/PostTestRotateImage";
			};
			name = Release;
		};
		DC0BC6C21F9DC17100BD8C07 /* Debug */ = {
			isa = XCBuildConfiguration;
			buildSettings = {
				ALWAYS_EMBED_SWIFT_STANDARD_LIBRARIES = YES;
				CODE_SIGN_STYLE = Automatic;
				INFOPLIST_FILE = PostTestRotateImageUITests/Info.plist;
				LD_RUNPATH_SEARCH_PATHS = "$(inherited) @executable_path/Frameworks @loader_path/Frameworks";
				PRODUCT_BUNDLE_IDENTIFIER = com.developermuslim.PostTestRotateImageUITests;
				PRODUCT_NAME = "$(TARGET_NAME)";
				SWIFT_VERSION = 4.0;
				TARGETED_DEVICE_FAMILY = "1,2";
				TEST_TARGET_NAME = PostTestRotateImage;
			};
			name = Debug;
		};
		DC0BC6C31F9DC17100BD8C07 /* Release */ = {
			isa = XCBuildConfiguration;
			buildSettings = {
				ALWAYS_EMBED_SWIFT_STANDARD_LIBRARIES = YES;
				CODE_SIGN_STYLE = Automatic;
				INFOPLIST_FILE = PostTestRotateImageUITests/Info.plist;
				LD_RUNPATH_SEARCH_PATHS = "$(inherited) @executable_path/Frameworks @loader_path/Frameworks";
				PRODUCT_BUNDLE_IDENTIFIER = com.developermuslim.PostTestRotateImageUITests;
				PRODUCT_NAME = "$(TARGET_NAME)";
				SWIFT_VERSION = 4.0;
				TARGETED_DEVICE_FAMILY = "1,2";
				TEST_TARGET_NAME = PostTestRotateImage;
			};
			name = Release;
		};
/* End XCBuildConfiguration section */

/* Begin XCConfigurationList section */
		DC0BC68E1F9DC17000BD8C07 /* Build configuration list for PBXProject "PostTestRotateImage" */ = {
			isa = XCConfigurationList;
			buildConfigurations = (
				DC0BC6B91F9DC17100BD8C07 /* Debug */,
				DC0BC6BA1F9DC17100BD8C07 /* Release */,
			);
			defaultConfigurationIsVisible = 0;
			defaultConfigurationName = Release;
		};
		DC0BC6BB1F9DC17100BD8C07 /* Build configuration list for PBXNativeTarget "PostTestRotateImage" */ = {
			isa = XCConfigurationList;
			buildConfigurations = (
				DC0BC6BC1F9DC17100BD8C07 /* Debug */,
				DC0BC6BD1F9DC17100BD8C07 /* Release */,
			);
			defaultConfigurationIsVisible = 0;
			defaultConfigurationName = Release;
		};
		DC0BC6BE1F9DC17100BD8C07 /* Build configuration list for PBXNativeTarget "PostTestRotateImageTests" */ = {
			isa = XCConfigurationList;
			buildConfigurations = (
				DC0BC6BF1F9DC17100BD8C07 /* Debug */,
				DC0BC6C01F9DC17100BD8C07 /* Release */,
			);
			defaultConfigurationIsVisible = 0;
			defaultConfigurationName = Release;
		};
		DC0BC6C11F9DC17100BD8C07 /* Build configuration list for PBXNativeTarget "PostTestRotateImageUITests" */ = {
			isa = XCConfigurationList;
			buildConfigurations = (
				DC0BC6C21F9DC17100BD8C07 /* Debug */,
				DC0BC6C31F9DC17100BD8C07 /* Release */,
			);
			defaultConfigurationIsVisible = 0;
			defaultConfigurationName = Release;
		};
/* End XCConfigurationList section */
	};
	rootObject = DC0BC68B1F9DC17000BD8C07 /* Project object */;
}
